
Microsoft Visual Studio Solution File, Format Version 12.00
# Visual Studio 15
VisualStudioVersion = 15.0.27703.2042
MinimumVisualStudioVersion = 10.0.40219.1
Project("{FAE04EC0-301F-11D3-BF4B-00C04F79EFBC}") = "MagmaWorksToolbar", "MagmaWorksToolbar\MagmaWorksToolbar.csproj", "{A6C93BB7-E581-47DD-B936-26245CF6F49E}"
EndProject
Project("{FAE04EC0-301F-11D3-BF4B-00C04F79EFBC}") = "ToolbarTests", "ToolbarTests\ToolbarTests.csproj", "{7156C56D-C2F6-4065-A9E9-7374E9577DFC}"
EndProject
Project("{FAE04EC0-301F-11D3-BF4B-00C04F79EFBC}") = "CarbonCalculator", "CarbonCalculator\CarbonCalculator.csproj", "{FB8BAA3A-138A-428D-B7F9-749BF63B9083}"
EndProject
Project("{9A19103F-16F7-4668-BE54-9A1E7A4F7556}") = "CarbonMaterials", "CarbonMaterials\CarbonMaterials.csproj", "{53CA2B70-3C52-43D1-BF1E-8E33850F406B}"
EndProject
Project("{FAE04EC0-301F-11D3-BF4B-00C04F79EFBC}") = "CarbonCalculatorControl", "CarbonCalculatorControl\CarbonCalculatorControl.csproj", "{9F128452-FC8E-4DEA-A2DE-F23EF82F3819}"
EndProject
Project("{FAE04EC0-301F-11D3-BF4B-00C04F79EFBC}") = "CarbonCalculatorStandalone", "CarbonCalculatorStandalone\CarbonCalculatorStandalone.csproj", "{E07CE759-CC5A-405F-B63E-82192FCD670A}"
EndProject
Project("{FAE04EC0-301F-11D3-BF4B-00C04F79EFBC}") = "CarbonMaterialEditorStandalone", "CarbonMaterialEditorStandalone\CarbonMaterialEditorStandalone.csproj", "{03AA3D82-BE82-47CB-89B1-443CE8ED2657}"
EndProject
Project("{FAE04EC0-301F-11D3-BF4B-00C04F79EFBC}") = "CarbonCalculatorGH", "CarbonCalculatorGH\CarbonCalculatorGH.csproj", "{21776EFA-9B86-4042-B837-D390616BD34B}"
EndProject
Global
	GlobalSection(SolutionConfigurationPlatforms) = preSolution
		Debug|Any CPU = Debug|Any CPU
		Release|Any CPU = Release|Any CPU
	EndGlobalSection
	GlobalSection(ProjectConfigurationPlatforms) = postSolution
		{A6C93BB7-E581-47DD-B936-26245CF6F49E}.Debug|Any CPU.ActiveCfg = Debug|Any CPU
		{A6C93BB7-E581-47DD-B936-26245CF6F49E}.Debug|Any CPU.Build.0 = Debug|Any CPU
		{A6C93BB7-E581-47DD-B936-26245CF6F49E}.Release|Any CPU.ActiveCfg = Release|Any CPU
		{A6C93BB7-E581-47DD-B936-26245CF6F49E}.Release|Any CPU.Build.0 = Release|Any CPU
		{7156C56D-C2F6-4065-A9E9-7374E9577DFC}.Debug|Any CPU.ActiveCfg = Debug|Any CPU
		{7156C56D-C2F6-4065-A9E9-7374E9577DFC}.Debug|Any CPU.Build.0 = Debug|Any CPU
		{7156C56D-C2F6-4065-A9E9-7374E9577DFC}.Release|Any CPU.ActiveCfg = Release|Any CPU
		{7156C56D-C2F6-4065-A9E9-7374E9577DFC}.Release|Any CPU.Build.0 = Release|Any CPU
		{FB8BAA3A-138A-428D-B7F9-749BF63B9083}.Debug|Any CPU.ActiveCfg = Debug|Any CPU
		{FB8BAA3A-138A-428D-B7F9-749BF63B9083}.Debug|Any CPU.Build.0 = Debug|Any CPU
		{FB8BAA3A-138A-428D-B7F9-749BF63B9083}.Release|Any CPU.ActiveCfg = Release|Any CPU
		{FB8BAA3A-138A-428D-B7F9-749BF63B9083}.Release|Any CPU.Build.0 = Release|Any CPU
		{53CA2B70-3C52-43D1-BF1E-8E33850F406B}.Debug|Any CPU.ActiveCfg = Debug|Any CPU
		{53CA2B70-3C52-43D1-BF1E-8E33850F406B}.Debug|Any CPU.Build.0 = Debug|Any CPU
		{53CA2B70-3C52-43D1-BF1E-8E33850F406B}.Release|Any CPU.ActiveCfg = Release|Any CPU
		{53CA2B70-3C52-43D1-BF1E-8E33850F406B}.Release|Any CPU.Build.0 = Release|Any CPU
		{9F128452-FC8E-4DEA-A2DE-F23EF82F3819}.Debug|Any CPU.ActiveCfg = Debug|Any CPU
		{9F128452-FC8E-4DEA-A2DE-F23EF82F3819}.Debug|Any CPU.Build.0 = Debug|Any CPU
		{9F128452-FC8E-4DEA-A2DE-F23EF82F3819}.Release|Any CPU.ActiveCfg = Release|Any CPU
		{9F128452-FC8E-4DEA-A2DE-F23EF82F3819}.Release|Any CPU.Build.0 = Release|Any CPU
		{E07CE759-CC5A-405F-B63E-82192FCD670A}.Debug|Any CPU.ActiveCfg = Debug|Any CPU
		{E07CE759-CC5A-405F-B63E-82192FCD670A}.Debug|Any CPU.Build.0 = Debug|Any CPU
		{E07CE759-CC5A-405F-B63E-82192FCD670A}.Release|Any CPU.ActiveCfg = Release|Any CPU
		{E07CE759-CC5A-405F-B63E-82192FCD670A}.Release|Any CPU.Build.0 = Release|Any CPU
		{03AA3D82-BE82-47CB-89B1-443CE8ED2657}.Debug|Any CPU.ActiveCfg = Debug|Any CPU
		{03AA3D82-BE82-47CB-89B1-443CE8ED2657}.Debug|Any CPU.Build.0 = Debug|Any CPU
		{03AA3D82-BE82-47CB-89B1-443CE8ED2657}.Release|Any CPU.ActiveCfg = Release|Any CPU
		{03AA3D82-BE82-47CB-89B1-443CE8ED2657}.Release|Any CPU.Build.0 = Release|Any CPU
		{21776EFA-9B86-4042-B837-D390616BD34B}.Debug|Any CPU.ActiveCfg = Debug|Any CPU
		{21776EFA-9B86-4042-B837-D390616BD34B}.Debug|Any CPU.Build.0 = Debug|Any CPU
		{21776EFA-9B86-4042-B837-D390616BD34B}.Release|Any CPU.ActiveCfg = Release|Any CPU
		{21776EFA-9B86-4042-B837-D390616BD34B}.Release|Any CPU.Build.0 = Release|Any CPU
	EndGlobalSection
	GlobalSection(SolutionProperties) = preSolution
		HideSolutionNode = FALSE
	EndGlobalSection
	GlobalSection(ExtensibilityGlobals) = postSolution
		SolutionGuid = {50EAB84B-4A6D-42D6-8F94-6A45A4508547}
	EndGlobalSection
EndGlobal
